
Microsoft Visual Studio Solution File, Format Version 12.00
Project("{FAE04EC0-301F-11D3-BF4B-00C04F79EFBC}") = "LoadingIndicator.Controls", "LoadingIndicator.Controls\LoadingIndicator.Controls.csproj", "{49E7B7C9-3B2F-415D-AB08-9A6AC4060A0D}"
EndProject
Project("{FAE04EC0-301F-11D3-BF4B-00C04F79EFBC}") = "SampleApplication", "SampleApplication\SampleApplication.csproj", "{97CA9358-D634-4994-A485-0475CE472156}"
EndProject
Project("{2150E333-8FDC-42A3-9474-1A3956D46DE8}") = "SolutionItems", "SolutionItems", "{EEC77C6E-7B51-4784-A9C8-D4A3DC8300AF}"
ProjectSection(SolutionItems) = preProject
	GlobalSupressions.cs = GlobalSupressions.cs
	nuget-pack.cmd = nuget-pack.cmd
	nuget-pack.ps1 = nuget-pack.ps1
EndProjectSection
EndProject
Global
	GlobalSection(SolutionConfigurationPlatforms) = preSolution
		Debug|Any CPU = Debug|Any CPU
		Release|Any CPU = Release|Any CPU
	EndGlobalSection
	GlobalSection(ProjectConfigurationPlatforms) = postSolution
		{49E7B7C9-3B2F-415D-AB08-9A6AC4060A0D}.Debug|Any CPU.ActiveCfg = Debug|Any CPU
		{49E7B7C9-3B2F-415D-AB08-9A6AC4060A0D}.Debug|Any CPU.Build.0 = Debug|Any CPU
		{49E7B7C9-3B2F-415D-AB08-9A6AC4060A0D}.Release|Any CPU.ActiveCfg = Release|Any CPU
		{49E7B7C9-3B2F-415D-AB08-9A6AC4060A0D}.Release|Any CPU.Build.0 = Release|Any CPU
		{97CA9358-D634-4994-A485-0475CE472156}.Debug|Any CPU.ActiveCfg = Debug|Any CPU
		{97CA9358-D634-4994-A485-0475CE472156}.Debug|Any CPU.Build.0 = Debug|Any CPU
		{97CA9358-D634-4994-A485-0475CE472156}.Release|Any CPU.ActiveCfg = Release|Any CPU
		{97CA9358-D634-4994-A485-0475CE472156}.Release|Any CPU.Build.0 = Release|Any CPU
	EndGlobalSection
EndGlobal
